{
    "_readme": [
        "This file locks the dependencies of your project to a known state",
        "Read more about it at https://getcomposer.org/doc/01-basic-usage.md#composer-lock-the-lock-file",
        "This file is @generated automatically"
    ],
    "content-hash": "4269a495df7fc38f2dbc76a686a847c2",
    "packages": [
        {
            "name": "generic-php",
            "version": "dev-master",
            "source": {
                "type": "git",
                "url": "https://github.com/loskoderos/generic-php",
                "reference": "27747e236db604e3a05e46e2d6596cf120e4f38d"
            },
            "require": {
                "php": ">=5.4.0"
            },
            "type": "library",
            "autoload": {
                "psr-4": {
                    "Generic\\": "src/Generic"
                }
            },
            "autoload-dev": {
                "psr-4": {
                    "Generic\\": "test/Generic"
                }
            },
            "license": [
                "MIT"
            ],
            "authors": [
                {
                    "name": "Lukasz Cepowski",
                    "email": "lukasz@cepowski.com",
                    "homepage": "https://cepa.io"
                }
            ],
            "description": "Generic PHP utilities library",
            "support": {
                "email": "hello@loskoderos.com"
            },
            "time": "2018-02-05T09:20:23+00:00"
        }
    ],
    "packages-dev": [],
    "aliases": [],
    "minimum-stability": "stable",
    "stability-flags": {
        "generic-php": 20
    },
    "prefer-stable": false,
    "prefer-lowest": false,
    "platform": {
        "php": ">=5.4.0"
    },
    "platform-dev": []
}
